
Microsoft Visual Studio Solution File, Format Version 12.00
# Visual Studio 15
VisualStudioVersion = 15.0.27703.2042
MinimumVisualStudioVersion = 10.0.40219.1
Project("{9A19103F-16F7-4668-BE54-9A1E7A4F7556}") = "SchedulingAssistant.UI", "src\UI\SchedulingAssistant.UI.csproj", "{993AE59C-6B65-4F88-8FD6-49804A5D1BAE}"
EndProject
Project("{E53339B2-1760-4266-BCC7-CA923CBCF16C}") = "docker-compose", "docker-compose.dcproj", "{1A9B5E5C-7114-458A-B41F-E2193A822E62}"
EndProject
Project("{2150E333-8FDC-42A3-9474-1A3956D46DE8}") = "Presentation", "Presentation", "{A96B826D-3C0A-4719-9BDC-AD234BD9A5CB}"
EndProject
Global
	GlobalSection(SolutionConfigurationPlatforms) = preSolution
		Debug|Any CPU = Debug|Any CPU
		Release|Any CPU = Release|Any CPU
	EndGlobalSection
	GlobalSection(ProjectConfigurationPlatforms) = postSolution
		{993AE59C-6B65-4F88-8FD6-49804A5D1BAE}.Debug|Any CPU.ActiveCfg = Debug|Any CPU
		{993AE59C-6B65-4F88-8FD6-49804A5D1BAE}.Debug|Any CPU.Build.0 = Debug|Any CPU
		{993AE59C-6B65-4F88-8FD6-49804A5D1BAE}.Release|Any CPU.ActiveCfg = Release|Any CPU
		{993AE59C-6B65-4F88-8FD6-49804A5D1BAE}.Release|Any CPU.Build.0 = Release|Any CPU
		{1A9B5E5C-7114-458A-B41F-E2193A822E62}.Debug|Any CPU.ActiveCfg = Debug|Any CPU
		{1A9B5E5C-7114-458A-B41F-E2193A822E62}.Debug|Any CPU.Build.0 = Debug|Any CPU
		{1A9B5E5C-7114-458A-B41F-E2193A822E62}.Release|Any CPU.ActiveCfg = Release|Any CPU
		{1A9B5E5C-7114-458A-B41F-E2193A822E62}.Release|Any CPU.Build.0 = Release|Any CPU
	EndGlobalSection
	GlobalSection(SolutionProperties) = preSolution
		HideSolutionNode = FALSE
	EndGlobalSection
	GlobalSection(NestedProjects) = preSolution
		{993AE59C-6B65-4F88-8FD6-49804A5D1BAE} = {A96B826D-3C0A-4719-9BDC-AD234BD9A5CB}
	EndGlobalSection
	GlobalSection(ExtensibilityGlobals) = postSolution
		SolutionGuid = {CADB2494-7704-4A7A-AA92-D000D38790B1}
	EndGlobalSection
EndGlobal
